// !$*UTF8*$!
{
	archiveVersion = 1;
	classes = {
	};
	objectVersion = 46;
	objects = {

/* Begin PBXBuildFile section */
		041DE6381EAF129E00C2EA88 /* red_black_tree.cpp in Sources */ = {isa = PBXBuildFile; fileRef = 041DE6361EAF129E00C2EA88 /* red_black_tree.cpp */; };
		04220FED1DB49C3A006FAA9E /* main.cpp in Sources */ = {isa = PBXBuildFile; fileRef = 04220FEC1DB49C3A006FAA9E /* main.cpp */; };
		04220FF61DB4AB71006FAA9E /* libboost_unit_test_framework.dylib in Frameworks */ = {isa = PBXBuildFile; fileRef = 04220FF51DB4AB71006FAA9E /* libboost_unit_test_framework.dylib */; };
		049713791EAF1A6400BB4664 /* test.cpp in Sources */ = {isa = PBXBuildFile; fileRef = 049713771EAF1A6400BB4664 /* test.cpp */; };
		0497137F1EAF27FA00BB4664 /* linked_list_test.cpp in Sources */ = {isa = PBXBuildFile; fileRef = 0497137E1EAF27FA00BB4664 /* linked_list_test.cpp */; };
		049713811EAF280E00BB4664 /* red_black_tree_test.cpp in Sources */ = {isa = PBXBuildFile; fileRef = 049713801EAF280E00BB4664 /* red_black_tree_test.cpp */; };
		0497138E1EAF317700BB4664 /* libboost_unit_test_framework.dylib in Frameworks */ = {isa = PBXBuildFile; fileRef = 04220FF51DB4AB71006FAA9E /* libboost_unit_test_framework.dylib */; };
		04AD2E781DB4DE0C00536268 /* linked_list.cpp in Sources */ = {isa = PBXBuildFile; fileRef = 04AD2E761DB4DE0C00536268 /* linked_list.cpp */; };
/* End PBXBuildFile section */

/* Begin PBXBuildRule section */
		0497138D1EAF314400BB4664 /* PBXBuildRule */ = {
			isa = PBXBuildRule;
			compilerSpec = com.apple.compilers.proxy.script;
			fileType = pattern.proxy;
			isEditable = 1;
			outputFiles = (
			);
		};
/* End PBXBuildRule section */

/* Begin PBXCopyFilesBuildPhase section */
		04220FE71DB49C3A006FAA9E /* CopyFiles */ = {
			isa = PBXCopyFilesBuildPhase;
			buildActionMask = 2147483647;
			dstPath = /usr/share/man/man1/;
			dstSubfolderSpec = 0;
			files = (
			);
			runOnlyForDeploymentPostprocessing = 1;
		};
		049713841EAF2E7D00BB4664 /* CopyFiles */ = {
			isa = PBXCopyFilesBuildPhase;
			buildActionMask = 2147483647;
			dstPath = /usr/share/man/man1/;
			dstSubfolderSpec = 0;
			files = (
			);
			runOnlyForDeploymentPostprocessing = 1;
		};
/* End PBXCopyFilesBuildPhase section */

/* Begin PBXFileReference section */
		041DE6361EAF129E00C2EA88 /* red_black_tree.cpp */ = {isa = PBXFileReference; fileEncoding = 4; lastKnownFileType = sourcecode.cpp.cpp; path = red_black_tree.cpp; sourceTree = "<group>"; };
		041DE6371EAF129E00C2EA88 /* red_black_tree.hpp */ = {isa = PBXFileReference; fileEncoding = 4; lastKnownFileType = sourcecode.cpp.h; path = red_black_tree.hpp; sourceTree = "<group>"; };
		04220FE91DB49C3A006FAA9E /* DataStructs */ = {isa = PBXFileReference; explicitFileType = "compiled.mach-o.executable"; includeInIndex = 0; path = DataStructs; sourceTree = BUILT_PRODUCTS_DIR; };
		04220FEC1DB49C3A006FAA9E /* main.cpp */ = {isa = PBXFileReference; lastKnownFileType = sourcecode.cpp.cpp; path = main.cpp; sourceTree = "<group>"; };
		04220FF51DB4AB71006FAA9E /* libboost_unit_test_framework.dylib */ = {isa = PBXFileReference; lastKnownFileType = "compiled.mach-o.dylib"; path = libboost_unit_test_framework.dylib; sourceTree = "<group>"; };
		049713771EAF1A6400BB4664 /* test.cpp */ = {isa = PBXFileReference; fileEncoding = 4; lastKnownFileType = sourcecode.cpp.cpp; path = test.cpp; sourceTree = "<group>"; };
		0497137E1EAF27FA00BB4664 /* linked_list_test.cpp */ = {isa = PBXFileReference; fileEncoding = 4; lastKnownFileType = sourcecode.cpp.cpp; path = linked_list_test.cpp; sourceTree = "<group>"; };
		049713801EAF280E00BB4664 /* red_black_tree_test.cpp */ = {isa = PBXFileReference; fileEncoding = 4; lastKnownFileType = sourcecode.cpp.cpp; path = red_black_tree_test.cpp; sourceTree = "<group>"; };
		049713861EAF2E7D00BB4664 /* Tests */ = {isa = PBXFileReference; explicitFileType = "compiled.mach-o.executable"; includeInIndex = 0; path = Tests; sourceTree = BUILT_PRODUCTS_DIR; };
		04AD2E761DB4DE0C00536268 /* linked_list.cpp */ = {isa = PBXFileReference; fileEncoding = 4; lastKnownFileType = sourcecode.cpp.cpp; path = linked_list.cpp; sourceTree = "<group>"; };
		04AD2E771DB4DE0C00536268 /* linked_list.hpp */ = {isa = PBXFileReference; fileEncoding = 4; lastKnownFileType = sourcecode.cpp.h; path = linked_list.hpp; sourceTree = "<group>"; };
/* End PBXFileReference section */

/* Begin PBXFrameworksBuildPhase section */
		04220FE61DB49C3A006FAA9E /* Frameworks */ = {
			isa = PBXFrameworksBuildPhase;
			buildActionMask = 2147483647;
			files = (
				04220FF61DB4AB71006FAA9E /* libboost_unit_test_framework.dylib in Frameworks */,
			);
			runOnlyForDeploymentPostprocessing = 0;
		};
		049713831EAF2E7D00BB4664 /* Frameworks */ = {
			isa = PBXFrameworksBuildPhase;
			buildActionMask = 2147483647;
			files = (
				0497138E1EAF317700BB4664 /* libboost_unit_test_framework.dylib in Frameworks */,
			);
			runOnlyForDeploymentPostprocessing = 0;
		};
/* End PBXFrameworksBuildPhase section */

/* Begin PBXGroup section */
		041DE6351EAF128300C2EA88 /* RedBlackTree */ = {
			isa = PBXGroup;
			children = (
				041DE6361EAF129E00C2EA88 /* red_black_tree.cpp */,
				041DE6371EAF129E00C2EA88 /* red_black_tree.hpp */,
			);
			name = RedBlackTree;
			sourceTree = "<group>";
		};
		04220FE01DB49C3A006FAA9E = {
			isa = PBXGroup;
			children = (
				04220FEB1DB49C3A006FAA9E /* DataStructs */,
				04220FEA1DB49C3A006FAA9E /* Products */,
				04220FF51DB4AB71006FAA9E /* libboost_unit_test_framework.dylib */,
			);
			sourceTree = "<group>";
		};
		04220FEA1DB49C3A006FAA9E /* Products */ = {
			isa = PBXGroup;
			children = (
				04220FE91DB49C3A006FAA9E /* DataStructs */,
				049713861EAF2E7D00BB4664 /* Tests */,
			);
			name = Products;
			sourceTree = "<group>";
		};
		04220FEB1DB49C3A006FAA9E /* DataStructs */ = {
			isa = PBXGroup;
			children = (
				04220FEC1DB49C3A006FAA9E /* main.cpp */,
				049713771EAF1A6400BB4664 /* test.cpp */,
				0497137E1EAF27FA00BB4664 /* linked_list_test.cpp */,
				049713801EAF280E00BB4664 /* red_black_tree_test.cpp */,
				041DE6351EAF128300C2EA88 /* RedBlackTree */,
				04AD2E791DB4E7A200536268 /* LinkedList */,
			);
			path = DataStructs;
			sourceTree = "<group>";
		};
		04AD2E791DB4E7A200536268 /* LinkedList */ = {
			isa = PBXGroup;
			children = (
				04AD2E761DB4DE0C00536268 /* linked_list.cpp */,
				04AD2E771DB4DE0C00536268 /* linked_list.hpp */,
			);
			name = LinkedList;
			sourceTree = "<group>";
		};
/* End PBXGroup section */

/* Begin PBXNativeTarget section */
		04220FE81DB49C3A006FAA9E /* DataStructs */ = {
			isa = PBXNativeTarget;
			buildConfigurationList = 04220FF01DB49C3A006FAA9E /* Build configuration list for PBXNativeTarget "DataStructs" */;
			buildPhases = (
				04220FE51DB49C3A006FAA9E /* Sources */,
				04220FE61DB49C3A006FAA9E /* Frameworks */,
				04220FE71DB49C3A006FAA9E /* CopyFiles */,
			);
			buildRules = (
			);
			dependencies = (
			);
			name = DataStructs;
			productName = DataStructs;
			productReference = 04220FE91DB49C3A006FAA9E /* DataStructs */;
			productType = "com.apple.product-type.tool";
		};
		049713851EAF2E7D00BB4664 /* Tests */ = {
			isa = PBXNativeTarget;
			buildConfigurationList = 0497138A1EAF2E7D00BB4664 /* Build configuration list for PBXNativeTarget "Tests" */;
			buildPhases = (
				049713821EAF2E7D00BB4664 /* Sources */,
				049713831EAF2E7D00BB4664 /* Frameworks */,
				049713841EAF2E7D00BB4664 /* CopyFiles */,
			);
			buildRules = (
				0497138D1EAF314400BB4664 /* PBXBuildRule */,
			);
			dependencies = (
			);
			name = Tests;
			productName = Tests;
			productReference = 049713861EAF2E7D00BB4664 /* Tests */;
			productType = "com.apple.product-type.tool";
		};
/* End PBXNativeTarget section */

/* Begin PBXProject section */
		04220FE11DB49C3A006FAA9E /* Project object */ = {
			isa = PBXProject;
			attributes = {
				LastUpgradeCheck = 0830;
				ORGANIZATIONNAME = Corey;
				TargetAttributes = {
					04220FE81DB49C3A006FAA9E = {
						CreatedOnToolsVersion = 8.0;
						ProvisioningStyle = Automatic;
					};
					049713851EAF2E7D00BB4664 = {
						CreatedOnToolsVersion = 8.3;
						ProvisioningStyle = Automatic;
					};
				};
			};
			buildConfigurationList = 04220FE41DB49C3A006FAA9E /* Build configuration list for PBXProject "DataStructs" */;
			compatibilityVersion = "Xcode 3.2";
			developmentRegion = English;
			hasScannedForEncodings = 0;
			knownRegions = (
				en,
			);
			mainGroup = 04220FE01DB49C3A006FAA9E;
			productRefGroup = 04220FEA1DB49C3A006FAA9E /* Products */;
			projectDirPath = "";
			projectRoot = "";
			targets = (
				04220FE81DB49C3A006FAA9E /* DataStructs */,
				049713851EAF2E7D00BB4664 /* Tests */,
			);
		};
/* End PBXProject section */

/* Begin PBXSourcesBuildPhase section */
		04220FE51DB49C3A006FAA9E /* Sources */ = {
			isa = PBXSourcesBuildPhase;
			buildActionMask = 2147483647;
			files = (
				041DE6381EAF129E00C2EA88 /* red_black_tree.cpp in Sources */,
				04220FED1DB49C3A006FAA9E /* main.cpp in Sources */,
				04AD2E781DB4DE0C00536268 /* linked_list.cpp in Sources */,
				049713791EAF1A6400BB4664 /* test.cpp in Sources */,
				0497137F1EAF27FA00BB4664 /* linked_list_test.cpp in Sources */,
				049713811EAF280E00BB4664 /* red_black_tree_test.cpp in Sources */,
			);
			runOnlyForDeploymentPostprocessing = 0;
		};
		049713821EAF2E7D00BB4664 /* Sources */ = {
			isa = PBXSourcesBuildPhase;
			buildActionMask = 2147483647;
			files = (
			);
			runOnlyForDeploymentPostprocessing = 0;
		};
/* End PBXSourcesBuildPhase section */

/* Begin XCBuildConfiguration section */
		04220FEE1DB49C3A006FAA9E /* Debug */ = {
			isa = XCBuildConfiguration;
			buildSettings = {
				ALWAYS_SEARCH_USER_PATHS = NO;
				CLANG_ANALYZER_NONNULL = YES;
				CLANG_CXX_LANGUAGE_STANDARD = "gnu++0x";
				CLANG_CXX_LIBRARY = "libc++";
				CLANG_ENABLE_MODULES = YES;
				CLANG_ENABLE_OBJC_ARC = YES;
				CLANG_WARN_BOOL_CONVERSION = YES;
				CLANG_WARN_CONSTANT_CONVERSION = YES;
				CLANG_WARN_DIRECT_OBJC_ISA_USAGE = YES_ERROR;
				CLANG_WARN_DOCUMENTATION_COMMENTS = YES;
				CLANG_WARN_EMPTY_BODY = YES;
				CLANG_WARN_ENUM_CONVERSION = YES;
				CLANG_WARN_INFINITE_RECURSION = YES;
				CLANG_WARN_INT_CONVERSION = YES;
				CLANG_WARN_OBJC_ROOT_CLASS = YES_ERROR;
				CLANG_WARN_SUSPICIOUS_MOVE = YES;
				CLANG_WARN_SUSPICIOUS_MOVES = YES;
				CLANG_WARN_UNREACHABLE_CODE = YES;
				CLANG_WARN__DUPLICATE_METHOD_MATCH = YES;
				CODE_SIGN_IDENTITY = "-";
				COPY_PHASE_STRIP = NO;
				DEBUG_INFORMATION_FORMAT = dwarf;
				ENABLE_STRICT_OBJC_MSGSEND = YES;
				ENABLE_TESTABILITY = YES;
				GCC_C_LANGUAGE_STANDARD = gnu99;
				GCC_DYNAMIC_NO_PIC = NO;
				GCC_NO_COMMON_BLOCKS = YES;
				GCC_OPTIMIZATION_LEVEL = 0;
				GCC_PREPROCESSOR_DEFINITIONS = (
					"DEBUG=1",
					"$(inherited)",
				);
				GCC_WARN_64_TO_32_BIT_CONVERSION = YES;
				GCC_WARN_ABOUT_RETURN_TYPE = YES_ERROR;
				GCC_WARN_UNDECLARED_SELECTOR = YES;
				GCC_WARN_UNINITIALIZED_AUTOS = YES_AGGRESSIVE;
				GCC_WARN_UNUSED_FUNCTION = YES;
				GCC_WARN_UNUSED_VARIABLE = YES;
				MACOSX_DEPLOYMENT_TARGET = 10.12;
				MTL_ENABLE_DEBUG_INFO = YES;
				ONLY_ACTIVE_ARCH = YES;
				SDKROOT = macosx;
			};
			name = Debug;
		};
		04220FEF1DB49C3A006FAA9E /* Release */ = {
			isa = XCBuildConfiguration;
			buildSettings = {
				ALWAYS_SEARCH_USER_PATHS = NO;
				CLANG_ANALYZER_NONNULL = YES;
				CLANG_CXX_LANGUAGE_STANDARD = "gnu++0x";
				CLANG_CXX_LIBRARY = "libc++";
				CLANG_ENABLE_MODULES = YES;
				CLANG_ENABLE_OBJC_ARC = YES;
				CLANG_WARN_BOOL_CONVERSION = YES;
				CLANG_WARN_CONSTANT_CONVERSION = YES;
				CLANG_WARN_DIRECT_OBJC_ISA_USAGE = YES_ERROR;
				CLANG_WARN_DOCUMENTATION_COMMENTS = YES;
				CLANG_WARN_EMPTY_BODY = YES;
				CLANG_WARN_ENUM_CONVERSION = YES;
				CLANG_WARN_INFINITE_RECURSION = YES;
				CLANG_WARN_INT_CONVERSION = YES;
				CLANG_WARN_OBJC_ROOT_CLASS = YES_ERROR;
				CLANG_WARN_SUSPICIOUS_MOVE = YES;
				CLANG_WARN_SUSPICIOUS_MOVES = YES;
				CLANG_WARN_UNREACHABLE_CODE = YES;
				CLANG_WARN__DUPLICATE_METHOD_MATCH = YES;
				CODE_SIGN_IDENTITY = "-";
				COPY_PHASE_STRIP = NO;
				DEBUG_INFORMATION_FORMAT = "dwarf-with-dsym";
				ENABLE_NS_ASSERTIONS = NO;
				ENABLE_STRICT_OBJC_MSGSEND = YES;
				GCC_C_LANGUAGE_STANDARD = gnu99;
				GCC_NO_COMMON_BLOCKS = YES;
				GCC_WARN_64_TO_32_BIT_CONVERSION = YES;
				GCC_WARN_ABOUT_RETURN_TYPE = YES_ERROR;
				GCC_WARN_UNDECLARED_SELECTOR = YES;
				GCC_WARN_UNINITIALIZED_AUTOS = YES_AGGRESSIVE;
				GCC_WARN_UNUSED_FUNCTION = YES;
				GCC_WARN_UNUSED_VARIABLE = YES;
				MACOSX_DEPLOYMENT_TARGET = 10.12;
				MTL_ENABLE_DEBUG_INFO = NO;
				SDKROOT = macosx;
			};
			name = Release;
		};
		04220FF11DB49C3A006FAA9E /* Debug */ = {
			isa = XCBuildConfiguration;
			buildSettings = {
				HEADER_SEARCH_PATHS = /Users/corey/code/boost/1.62.0/include;
				LIBRARY_SEARCH_PATHS = (
					/Users/corey/code/boost/1.62.0/lib,
					"$(PROJECT_DIR)",
				);
				PRODUCT_NAME = "$(TARGET_NAME)";
			};
			name = Debug;
		};
		04220FF21DB49C3A006FAA9E /* Release */ = {
			isa = XCBuildConfiguration;
			buildSettings = {
				HEADER_SEARCH_PATHS = /Users/corey/code/boost/1.62.0/include;
				LIBRARY_SEARCH_PATHS = (
					/Users/corey/code/boost/1.62.0/lib,
					"$(PROJECT_DIR)",
				);
				PRODUCT_NAME = "$(TARGET_NAME)";
			};
			name = Release;
		};
		0497138B1EAF2E7D00BB4664 /* Debug */ = {
			isa = XCBuildConfiguration;
			buildSettings = {
				CLANG_ANALYZER_NUMBER_OBJECT_CONVERSION = YES_AGGRESSIVE;
				LIBRARY_SEARCH_PATHS = (
					"$(inherited)",
					"$(PROJECT_DIR)",
				);
				PRODUCT_NAME = "$(TARGET_NAME)";
			};
			name = Debug;
		};
		0497138C1EAF2E7D00BB4664 /* Release */ = {
			isa = XCBuildConfiguration;
			buildSettings = {
				CLANG_ANALYZER_NUMBER_OBJECT_CONVERSION = YES_AGGRESSIVE;
				LIBRARY_SEARCH_PATHS = (
					"$(inherited)",
					"$(PROJECT_DIR)",
				);
				PRODUCT_NAME = "$(TARGET_NAME)";
			};
			name = Release;
		};
/* End XCBuildConfiguration section */

/* Begin XCConfigurationList section */
		04220FE41DB49C3A006FAA9E /* Build configuration list for PBXProject "DataStructs" */ = {
			isa = XCConfigurationList;
			buildConfigurations = (
				04220FEE1DB49C3A006FAA9E /* Debug */,
				04220FEF1DB49C3A006FAA9E /* Release */,
			);
			defaultConfigurationIsVisible = 0;
			defaultConfigurationName = Release;
		};
		04220FF01DB49C3A006FAA9E /* Build configuration list for PBXNativeTarget "DataStructs" */ = {
			isa = XCConfigurationList;
			buildConfigurations = (
				04220FF11DB49C3A006FAA9E /* Debug */,
				04220FF21DB49C3A006FAA9E /* Release */,
			);
			defaultConfigurationIsVisible = 0;
			defaultConfigurationName = Release;
		};
		0497138A1EAF2E7D00BB4664 /* Build configuration list for PBXNativeTarget "Tests" */ = {
			isa = XCConfigurationList;
			buildConfigurations = (
				0497138B1EAF2E7D00BB4664 /* Debug */,
				0497138C1EAF2E7D00BB4664 /* Release */,
			);
			defaultConfigurationIsVisible = 0;
		};
/* End XCConfigurationList section */
	};
	rootObject = 04220FE11DB49C3A006FAA9E /* Project object */;
}
